
Microsoft Visual Studio Solution File, Format Version 12.00
# Visual Studio Version 16
VisualStudioVersion = 16.0.31321.278
MinimumVisualStudioVersion = 10.0.40219.1
Project("{FAE04EC0-301F-11D3-BF4B-00C04F79EFBC}") = "AnythingToMp3Converter.UI", "AnythingToMp3Converter.UI\AnythingToMp3Converter.UI.csproj", "{D40FDA87-B20C-4E98-968F-285B5E180C9F}"
EndProject
Global
	GlobalSection(SolutionConfigurationPlatforms) = preSolution
		Debug|Any CPU = Debug|Any CPU
		Release|Any CPU = Release|Any CPU
	EndGlobalSection
	GlobalSection(ProjectConfigurationPlatforms) = postSolution
		{D40FDA87-B20C-4E98-968F-285B5E180C9F}.Debug|Any CPU.ActiveCfg = Debug|Any CPU
		{D40FDA87-B20C-4E98-968F-285B5E180C9F}.Debug|Any CPU.Build.0 = Debug|Any CPU
		{D40FDA87-B20C-4E98-968F-285B5E180C9F}.Release|Any CPU.ActiveCfg = Release|Any CPU
		{D40FDA87-B20C-4E98-968F-285B5E180C9F}.Release|Any CPU.Build.0 = Release|Any CPU
	EndGlobalSection
	GlobalSection(SolutionProperties) = preSolution
		HideSolutionNode = FALSE
	EndGlobalSection
	GlobalSection(ExtensibilityGlobals) = postSolution
		SolutionGuid = {E6D5561D-870E-4B0D-9AB7-656B9774FBA9}
	EndGlobalSection
EndGlobal
